PODS:
  - GzipSwift (5.0.0)
  - RxSwift (5.0.0)

DEPENDENCIES:
  - GzipSwift (= 5.0.0)
  - RxSwift (= 5.0.0)

SPEC REPOS:
  https://github.com/cocoapods/specs.git:
    - GzipSwift
    - RxSwift

SPEC CHECKSUMS:
  GzipSwift: 5592f4d62b641e04d06443ba471f8ed76b1363e4
  RxSwift: 8b0671caa829a763bbce7271095859121cbd895f

PODFILE CHECKSUM: 40273a809618c282e34150defb4cc7c11cb6af41

COCOAPODS: 1.7.0.beta.3
