// !$*UTF8*$!
{
	archiveVersion = 1;
	classes = {
	};
	objectVersion = 51;
	objects = {

/* Begin PBXBuildFile section */
		2AAB37406B159470DEF593AD /* Pods_SubtitleApp_TV.framework in Frameworks */ = {isa = PBXBuildFile; fileRef = B50DCD7B49D8C423D4443B64 /* Pods_SubtitleApp_TV.framework */; };
		2CD3F50BDA8DAA2288DF1595 /* Pods_SubtitleApp.framework in Frameworks */ = {isa = PBXBuildFile; fileRef = 021AD0B8A424D29728379E63 /* Pods_SubtitleApp.framework */; };
		4201BEBC1E000921D16FB5B0 /* Pods_SubtitleApp_Desktop.framework in Frameworks */ = {isa = PBXBuildFile; fileRef = 0CC60AC8CE888AC3A2841E15 /* Pods_SubtitleApp_Desktop.framework */; };
		A0EDDC237558A17002C8186B /* Pods_SubtitleApp_watchOS_Extension.framework in Frameworks */ = {isa = PBXBuildFile; fileRef = 23CDDC48676FB984298C9168 /* Pods_SubtitleApp_watchOS_Extension.framework */; };
		D5234E94227B7FD1004E289C /* Common.framework in Frameworks */ = {isa = PBXBuildFile; fileRef = D5234E93227B7FD1004E289C /* Common.framework */; };
		D5234E95227B7FD1004E289C /* Common.framework in Embed Frameworks */ = {isa = PBXBuildFile; fileRef = D5234E93227B7FD1004E289C /* Common.framework */; settings = {ATTRIBUTES = (CodeSignOnCopy, RemoveHeadersOnCopy, ); }; };
		D5234E97227B7FD1004E289C /* SubtitlePlayer.framework in Frameworks */ = {isa = PBXBuildFile; fileRef = D5234E96227B7FD1004E289C /* SubtitlePlayer.framework */; };
		D5234E98227B7FD1004E289C /* SubtitlePlayer.framework in Embed Frameworks */ = {isa = PBXBuildFile; fileRef = D5234E96227B7FD1004E289C /* SubtitlePlayer.framework */; settings = {ATTRIBUTES = (CodeSignOnCopy, RemoveHeadersOnCopy, ); }; };
		D5234E9A227B7FD1004E289C /* OpenSubtitlesDownloader.framework in Frameworks */ = {isa = PBXBuildFile; fileRef = D5234E99227B7FD1004E289C /* OpenSubtitlesDownloader.framework */; };
		D5234E9B227B7FD1004E289C /* OpenSubtitlesDownloader.framework in Embed Frameworks */ = {isa = PBXBuildFile; fileRef = D5234E99227B7FD1004E289C /* OpenSubtitlesDownloader.framework */; settings = {ATTRIBUTES = (CodeSignOnCopy, RemoveHeadersOnCopy, ); }; };
		D5234E9E227B7FE3004E289C /* Common.framework in Frameworks */ = {isa = PBXBuildFile; fileRef = D5234E9D227B7FE3004E289C /* Common.framework */; };
		D5234E9F227B7FE3004E289C /* Common.framework in Embed Frameworks */ = {isa = PBXBuildFile; fileRef = D5234E9D227B7FE3004E289C /* Common.framework */; settings = {ATTRIBUTES = (CodeSignOnCopy, RemoveHeadersOnCopy, ); }; };
		D5234EA1227B7FE3004E289C /* SubtitlePlayer.framework in Frameworks */ = {isa = PBXBuildFile; fileRef = D5234EA0227B7FE3004E289C /* SubtitlePlayer.framework */; };
		D5234EA2227B7FE3004E289C /* SubtitlePlayer.framework in Embed Frameworks */ = {isa = PBXBuildFile; fileRef = D5234EA0227B7FE3004E289C /* SubtitlePlayer.framework */; settings = {ATTRIBUTES = (CodeSignOnCopy, RemoveHeadersOnCopy, ); }; };
		D5234EA4227B7FE3004E289C /* OpenSubtitlesDownloader.framework in Frameworks */ = {isa = PBXBuildFile; fileRef = D5234EA3227B7FE3004E289C /* OpenSubtitlesDownloader.framework */; };
		D5234EA5227B7FE3004E289C /* OpenSubtitlesDownloader.framework in Embed Frameworks */ = {isa = PBXBuildFile; fileRef = D5234EA3227B7FE3004E289C /* OpenSubtitlesDownloader.framework */; settings = {ATTRIBUTES = (CodeSignOnCopy, RemoveHeadersOnCopy, ); }; };
		D5234EA8227B7FF2004E289C /* Common.framework in Frameworks */ = {isa = PBXBuildFile; fileRef = D5234EA7227B7FF2004E289C /* Common.framework */; };
		D5234EA9227B7FF2004E289C /* Common.framework in Embed Frameworks */ = {isa = PBXBuildFile; fileRef = D5234EA7227B7FF2004E289C /* Common.framework */; settings = {ATTRIBUTES = (CodeSignOnCopy, RemoveHeadersOnCopy, ); }; };
		D5234EAB227B7FF2004E289C /* SubtitlePlayer.framework in Frameworks */ = {isa = PBXBuildFile; fileRef = D5234EAA227B7FF2004E289C /* SubtitlePlayer.framework */; };
		D5234EAC227B7FF2004E289C /* SubtitlePlayer.framework in Embed Frameworks */ = {isa = PBXBuildFile; fileRef = D5234EAA227B7FF2004E289C /* SubtitlePlayer.framework */; settings = {ATTRIBUTES = (CodeSignOnCopy, RemoveHeadersOnCopy, ); }; };
		D5234EAE227B7FF3004E289C /* OpenSubtitlesDownloader.framework in Frameworks */ = {isa = PBXBuildFile; fileRef = D5234EAD227B7FF3004E289C /* OpenSubtitlesDownloader.framework */; };
		D5234EAF227B7FF3004E289C /* OpenSubtitlesDownloader.framework in Embed Frameworks */ = {isa = PBXBuildFile; fileRef = D5234EAD227B7FF3004E289C /* OpenSubtitlesDownloader.framework */; settings = {ATTRIBUTES = (CodeSignOnCopy, RemoveHeadersOnCopy, ); }; };
		D5234EB2227B7FFF004E289C /* Common.framework in Frameworks */ = {isa = PBXBuildFile; fileRef = D5234EB1227B7FFF004E289C /* Common.framework */; };
		D5234EB3227B7FFF004E289C /* Common.framework in Embed Frameworks */ = {isa = PBXBuildFile; fileRef = D5234EB1227B7FFF004E289C /* Common.framework */; settings = {ATTRIBUTES = (CodeSignOnCopy, RemoveHeadersOnCopy, ); }; };
		D5234EB5227B7FFF004E289C /* SubtitlePlayer.framework in Frameworks */ = {isa = PBXBuildFile; fileRef = D5234EB4227B7FFF004E289C /* SubtitlePlayer.framework */; };
		D5234EB6227B7FFF004E289C /* SubtitlePlayer.framework in Embed Frameworks */ = {isa = PBXBuildFile; fileRef = D5234EB4227B7FFF004E289C /* SubtitlePlayer.framework */; settings = {ATTRIBUTES = (CodeSignOnCopy, RemoveHeadersOnCopy, ); }; };
		D5234EB8227B7FFF004E289C /* OpenSubtitlesDownloader.framework in Frameworks */ = {isa = PBXBuildFile; fileRef = D5234EB7227B7FFF004E289C /* OpenSubtitlesDownloader.framework */; };
		D5234EB9227B7FFF004E289C /* OpenSubtitlesDownloader.framework in Embed Frameworks */ = {isa = PBXBuildFile; fileRef = D5234EB7227B7FFF004E289C /* OpenSubtitlesDownloader.framework */; settings = {ATTRIBUTES = (CodeSignOnCopy, RemoveHeadersOnCopy, ); }; };
		D5234EBC227B8417004E289C /* Environment.swift in Sources */ = {isa = PBXBuildFile; fileRef = D5234EBB227B8417004E289C /* Environment.swift */; };
		D5234EBE227B844F004E289C /* Gzip+Extensions.swift in Sources */ = {isa = PBXBuildFile; fileRef = D5234EBD227B844F004E289C /* Gzip+Extensions.swift */; };
		D5234ED1227DC658004E289C /* PlayerView.storyboard in Resources */ = {isa = PBXBuildFile; fileRef = D5234ED0227DC658004E289C /* PlayerView.storyboard */; };
		D5234ED3227DC6D2004E289C /* SearchView.storyboard in Resources */ = {isa = PBXBuildFile; fileRef = D5234ED2227DC6D2004E289C /* SearchView.storyboard */; };
		D5234ED5227DC70C004E289C /* PlayerViewController.swift in Sources */ = {isa = PBXBuildFile; fileRef = D5234ED4227DC70C004E289C /* PlayerViewController.swift */; };
		D5234ED7227DC72C004E289C /* SearchViewController.swift in Sources */ = {isa = PBXBuildFile; fileRef = D5234ED6227DC72C004E289C /* SearchViewController.swift */; };
		D5234ED9227DC746004E289C /* PlayerViewModel.swift in Sources */ = {isa = PBXBuildFile; fileRef = D5234ED8227DC746004E289C /* PlayerViewModel.swift */; };
		D5234EDB227DC757004E289C /* SearchViewModel.swift in Sources */ = {isa = PBXBuildFile; fileRef = D5234EDA227DC757004E289C /* SearchViewModel.swift */; };
		D5234EDD227DC92E004E289C /* MainRouter.swift in Sources */ = {isa = PBXBuildFile; fileRef = D5234EDC227DC92E004E289C /* MainRouter.swift */; };
		D5234EDF227DCAF8004E289C /* SearchResultView.storyboard in Resources */ = {isa = PBXBuildFile; fileRef = D5234EDE227DCAF8004E289C /* SearchResultView.storyboard */; };
		D5234EE1227DCB49004E289C /* SearchResultViewController.swift in Sources */ = {isa = PBXBuildFile; fileRef = D5234EE0227DCB49004E289C /* SearchResultViewController.swift */; };
		D5234EE3227DCB7D004E289C /* SearchResultViewModel.swift in Sources */ = {isa = PBXBuildFile; fileRef = D5234EE2227DCB7D004E289C /* SearchResultViewModel.swift */; };
		D5234EE5227DCD67004E289C /* ViewModel.swift in Sources */ = {isa = PBXBuildFile; fileRef = D5234EE4227DCD67004E289C /* ViewModel.swift */; };
		D5234EEC227DD150004E289C /* SplashView.storyboard in Resources */ = {isa = PBXBuildFile; fileRef = D5234EEB227DD150004E289C /* SplashView.storyboard */; };
		D5234EF0227DD18B004E289C /* SplashViewController.swift in Sources */ = {isa = PBXBuildFile; fileRef = D5234EEF227DD18B004E289C /* SplashViewController.swift */; };
		D5234EF4227DF3C4004E289C /* Extensions.swift in Sources */ = {isa = PBXBuildFile; fileRef = D5234EF3227DF3C4004E289C /* Extensions.swift */; };
		D5234EF6227E0990004E289C /* InterfaceControllerContext.swift in Sources */ = {isa = PBXBuildFile; fileRef = D5234EF5227E0990004E289C /* InterfaceControllerContext.swift */; };
		D5234EF8227E0A1F004E289C /* Router.swift in Sources */ = {isa = PBXBuildFile; fileRef = D5234EF7227E0A1F004E289C /* Router.swift */; };
		D5234EFB227E4F32004E289C /* TextPickerView.storyboard in Resources */ = {isa = PBXBuildFile; fileRef = D5234EFA227E4F32004E289C /* TextPickerView.storyboard */; };
		D5234EFD227E4F52004E289C /* TextPickerViewController.swift in Sources */ = {isa = PBXBuildFile; fileRef = D5234EFC227E4F52004E289C /* TextPickerViewController.swift */; };
		D5234EFF227E5263004E289C /* TextPickerViewModel.swift in Sources */ = {isa = PBXBuildFile; fileRef = D5234EFE227E5263004E289C /* TextPickerViewModel.swift */; };
		D5234F01227E6118004E289C /* Filter.swift in Sources */ = {isa = PBXBuildFile; fileRef = D5234F00227E6118004E289C /* Filter.swift */; };
		D58642F4227B67BA00D6ED22 /* AppDelegate.swift in Sources */ = {isa = PBXBuildFile; fileRef = D58642F3227B67BA00D6ED22 /* AppDelegate.swift */; };
		D58642FB227B67BC00D6ED22 /* Assets-iOS.xcassets in Resources */ = {isa = PBXBuildFile; fileRef = D58642FA227B67BC00D6ED22 /* Assets-iOS.xcassets */; };
		D586430B227B6AB000D6ED22 /* LaunchScreen.xib in Resources */ = {isa = PBXBuildFile; fileRef = D586430A227B6AB000D6ED22 /* LaunchScreen.xib */; };
		D5864314227B6B7700D6ED22 /* Assets-watchOS.xcassets in Resources */ = {isa = PBXBuildFile; fileRef = D5864313227B6B7700D6ED22 /* Assets-watchOS.xcassets */; };
		D586431B227B6B7800D6ED22 /* SubtitleApp watchOS Extension.appex in Embed App Extensions */ = {isa = PBXBuildFile; fileRef = D586431A227B6B7700D6ED22 /* SubtitleApp watchOS Extension.appex */; settings = {ATTRIBUTES = (RemoveHeadersOnCopy, ); }; };
		D5864322227B6B7800D6ED22 /* ExtensionDelegate.swift in Sources */ = {isa = PBXBuildFile; fileRef = D5864321227B6B7800D6ED22 /* ExtensionDelegate.swift */; };
		D5864324227B6B7900D6ED22 /* Assets-watchOS-Extension.xcassets in Resources */ = {isa = PBXBuildFile; fileRef = D5864323227B6B7900D6ED22 /* Assets-watchOS-Extension.xcassets */; };
		D5864328227B6B7900D6ED22 /* SubtitleApp watchOS.app in Embed Watch Content */ = {isa = PBXBuildFile; fileRef = D586430E227B6B7500D6ED22 /* SubtitleApp watchOS.app */; };
		D586433B227B6E2000D6ED22 /* AppDelegate.swift in Sources */ = {isa = PBXBuildFile; fileRef = D586433A227B6E2000D6ED22 /* AppDelegate.swift */; };
		D5864342227B6E2200D6ED22 /* Assets-tvOS.xcassets in Resources */ = {isa = PBXBuildFile; fileRef = D5864341227B6E2200D6ED22 /* Assets-tvOS.xcassets */; };
		D5864352227B702200D6ED22 /* AppDelegate.swift in Sources */ = {isa = PBXBuildFile; fileRef = D5864351227B702200D6ED22 /* AppDelegate.swift */; };
		D5864354227B702300D6ED22 /* Assets-macOS.xcassets in Resources */ = {isa = PBXBuildFile; fileRef = D5864353227B702300D6ED22 /* Assets-macOS.xcassets */; };
		D5864357227B702300D6ED22 /* MainMenu.xib in Resources */ = {isa = PBXBuildFile; fileRef = D5864355227B702300D6ED22 /* MainMenu.xib */; };
/* End PBXBuildFile section */

/* Begin PBXContainerItemProxy section */
		D586431C227B6B7800D6ED22 /* PBXContainerItemProxy */ = {
			isa = PBXContainerItemProxy;
			containerPortal = D58642E8227B67BA00D6ED22 /* Project object */;
			proxyType = 1;
			remoteGlobalIDString = D5864319227B6B7700D6ED22;
			remoteInfo = "SubtitleApp watchOS Extension";
		};
		D5864326227B6B7900D6ED22 /* PBXContainerItemProxy */ = {
			isa = PBXContainerItemProxy;
			containerPortal = D58642E8227B67BA00D6ED22 /* Project object */;
			proxyType = 1;
			remoteGlobalIDString = D586430D227B6B7500D6ED22;
			remoteInfo = "SubtitleApp watchOS";
		};
/* End PBXContainerItemProxy section */

/* Begin PBXCopyFilesBuildPhase section */
		D5234E9C227B7FD1004E289C /* Embed Frameworks */ = {
			isa = PBXCopyFilesBuildPhase;
			buildActionMask = 2147483647;
			dstPath = "";
			dstSubfolderSpec = 10;
			files = (
				D5234E95227B7FD1004E289C /* Common.framework in Embed Frameworks */,
				D5234E9B227B7FD1004E289C /* OpenSubtitlesDownloader.framework in Embed Frameworks */,
				D5234E98227B7FD1004E289C /* SubtitlePlayer.framework in Embed Frameworks */,
			);
			name = "Embed Frameworks";
			runOnlyForDeploymentPostprocessing = 0;
		};
		D5234EA6227B7FE3004E289C /* Embed Frameworks */ = {
			isa = PBXCopyFilesBuildPhase;
			buildActionMask = 2147483647;
			dstPath = "";
			dstSubfolderSpec = 10;
			files = (
				D5234E9F227B7FE3004E289C /* Common.framework in Embed Frameworks */,
				D5234EA5227B7FE3004E289C /* OpenSubtitlesDownloader.framework in Embed Frameworks */,
				D5234EA2227B7FE3004E289C /* SubtitlePlayer.framework in Embed Frameworks */,
			);
			name = "Embed Frameworks";
			runOnlyForDeploymentPostprocessing = 0;
		};
		D5234EB0227B7FF3004E289C /* Embed Frameworks */ = {
			isa = PBXCopyFilesBuildPhase;
			buildActionMask = 2147483647;
			dstPath = "";
			dstSubfolderSpec = 10;
			files = (
				D5234EA9227B7FF2004E289C /* Common.framework in Embed Frameworks */,
				D5234EAF227B7FF3004E289C /* OpenSubtitlesDownloader.framework in Embed Frameworks */,
				D5234EAC227B7FF2004E289C /* SubtitlePlayer.framework in Embed Frameworks */,
			);
			name = "Embed Frameworks";
			runOnlyForDeploymentPostprocessing = 0;
		};
		D5234EBA227B7FFF004E289C /* Embed Frameworks */ = {
			isa = PBXCopyFilesBuildPhase;
			buildActionMask = 2147483647;
			dstPath = "";
			dstSubfolderSpec = 10;
			files = (
				D5234EB3227B7FFF004E289C /* Common.framework in Embed Frameworks */,
				D5234EB9227B7FFF004E289C /* OpenSubtitlesDownloader.framework in Embed Frameworks */,
				D5234EB6227B7FFF004E289C /* SubtitlePlayer.framework in Embed Frameworks */,
			);
			name = "Embed Frameworks";
			runOnlyForDeploymentPostprocessing = 0;
		};
		D586432C227B6B7900D6ED22 /* Embed App Extensions */ = {
			isa = PBXCopyFilesBuildPhase;
			buildActionMask = 2147483647;
			dstPath = "";
			dstSubfolderSpec = 13;
			files = (
				D586431B227B6B7800D6ED22 /* SubtitleApp watchOS Extension.appex in Embed App Extensions */,
			);
			name = "Embed App Extensions";
			runOnlyForDeploymentPostprocessing = 0;
		};
		D5864330227B6B7900D6ED22 /* Embed Watch Content */ = {
			isa = PBXCopyFilesBuildPhase;
			buildActionMask = 2147483647;
			dstPath = "$(CONTENTS_FOLDER_PATH)/Watch";
			dstSubfolderSpec = 16;
			files = (
				D5864328227B6B7900D6ED22 /* SubtitleApp watchOS.app in Embed Watch Content */,
			);
			name = "Embed Watch Content";
			runOnlyForDeploymentPostprocessing = 0;
		};
/* End PBXCopyFilesBuildPhase section */

/* Begin PBXFileReference section */
		021AD0B8A424D29728379E63 /* Pods_SubtitleApp.framework */ = {isa = PBXFileReference; explicitFileType = wrapper.framework; includeInIndex = 0; path = Pods_SubtitleApp.framework; sourceTree = BUILT_PRODUCTS_DIR; };
		0CC60AC8CE888AC3A2841E15 /* Pods_SubtitleApp_Desktop.framework */ = {isa = PBXFileReference; explicitFileType = wrapper.framework; includeInIndex = 0; path = Pods_SubtitleApp_Desktop.framework; sourceTree = BUILT_PRODUCTS_DIR; };
		163FC1389A891CF4D9C5738A /* Pods-SubtitleApp TV.debug.xcconfig */ = {isa = PBXFileReference; includeInIndex = 1; lastKnownFileType = text.xcconfig; name = "Pods-SubtitleApp TV.debug.xcconfig"; path = "Target Support Files/Pods-SubtitleApp TV/Pods-SubtitleApp TV.debug.xcconfig"; sourceTree = "<group>"; };
		1A4F1A084F4FE0D0681074B8 /* Pods-SubtitleApp TV.release.xcconfig */ = {isa = PBXFileReference; includeInIndex = 1; lastKnownFileType = text.xcconfig; name = "Pods-SubtitleApp TV.release.xcconfig"; path = "Target Support Files/Pods-SubtitleApp TV/Pods-SubtitleApp TV.release.xcconfig"; sourceTree = "<group>"; };
		23CDDC48676FB984298C9168 /* Pods_SubtitleApp_watchOS_Extension.framework */ = {isa = PBXFileReference; explicitFileType = wrapper.framework; includeInIndex = 0; path = Pods_SubtitleApp_watchOS_Extension.framework; sourceTree = BUILT_PRODUCTS_DIR; };
		47A9BFC2922364B59A5311C1 /* Pods-SubtitleApp.debug.xcconfig */ = {isa = PBXFileReference; includeInIndex = 1; lastKnownFileType = text.xcconfig; name = "Pods-SubtitleApp.debug.xcconfig"; path = "Target Support Files/Pods-SubtitleApp/Pods-SubtitleApp.debug.xcconfig"; sourceTree = "<group>"; };
		95560D83B84B2F61F5458ABA /* Pods-SubtitleApp.release.xcconfig */ = {isa = PBXFileReference; includeInIndex = 1; lastKnownFileType = text.xcconfig; name = "Pods-SubtitleApp.release.xcconfig"; path = "Target Support Files/Pods-SubtitleApp/Pods-SubtitleApp.release.xcconfig"; sourceTree = "<group>"; };
		B50DCD7B49D8C423D4443B64 /* Pods_SubtitleApp_TV.framework */ = {isa = PBXFileReference; explicitFileType = wrapper.framework; includeInIndex = 0; path = Pods_SubtitleApp_TV.framework; sourceTree = BUILT_PRODUCTS_DIR; };
		C22841EAAF56D7011B75B81F /* Pods-SubtitleApp Desktop.release.xcconfig */ = {isa = PBXFileReference; includeInIndex = 1; lastKnownFileType = text.xcconfig; name = "Pods-SubtitleApp Desktop.release.xcconfig"; path = "Target Support Files/Pods-SubtitleApp Desktop/Pods-SubtitleApp Desktop.release.xcconfig"; sourceTree = "<group>"; };
		C5CCF59710720E9578C4EFEF /* Pods-SubtitleApp watchOS Extension.release.xcconfig */ = {isa = PBXFileReference; includeInIndex = 1; lastKnownFileType = text.xcconfig; name = "Pods-SubtitleApp watchOS Extension.release.xcconfig"; path = "Target Support Files/Pods-SubtitleApp watchOS Extension/Pods-SubtitleApp watchOS Extension.release.xcconfig"; sourceTree = "<group>"; };
		D5234E93227B7FD1004E289C /* Common.framework */ = {isa = PBXFileReference; explicitFileType = wrapper.framework; path = Common.framework; sourceTree = BUILT_PRODUCTS_DIR; };
		D5234E96227B7FD1004E289C /* SubtitlePlayer.framework */ = {isa = PBXFileReference; explicitFileType = wrapper.framework; path = SubtitlePlayer.framework; sourceTree = BUILT_PRODUCTS_DIR; };
		D5234E99227B7FD1004E289C /* OpenSubtitlesDownloader.framework */ = {isa = PBXFileReference; explicitFileType = wrapper.framework; path = OpenSubtitlesDownloader.framework; sourceTree = BUILT_PRODUCTS_DIR; };
		D5234E9D227B7FE3004E289C /* Common.framework */ = {isa = PBXFileReference; explicitFileType = wrapper.framework; path = Common.framework; sourceTree = BUILT_PRODUCTS_DIR; };
		D5234EA0227B7FE3004E289C /* SubtitlePlayer.framework */ = {isa = PBXFileReference; explicitFileType = wrapper.framework; path = SubtitlePlayer.framework; sourceTree = BUILT_PRODUCTS_DIR; };
		D5234EA3227B7FE3004E289C /* OpenSubtitlesDownloader.framework */ = {isa = PBXFileReference; explicitFileType = wrapper.framework; path = OpenSubtitlesDownloader.framework; sourceTree = BUILT_PRODUCTS_DIR; };
		D5234EA7227B7FF2004E289C /* Common.framework */ = {isa = PBXFileReference; explicitFileType = wrapper.framework; path = Common.framework; sourceTree = BUILT_PRODUCTS_DIR; };
		D5234EAA227B7FF2004E289C /* SubtitlePlayer.framework */ = {isa = PBXFileReference; explicitFileType = wrapper.framework; path = SubtitlePlayer.framework; sourceTree = BUILT_PRODUCTS_DIR; };
		D5234EAD227B7FF3004E289C /* OpenSubtitlesDownloader.framework */ = {isa = PBXFileReference; explicitFileType = wrapper.framework; path = OpenSubtitlesDownloader.framework; sourceTree = BUILT_PRODUCTS_DIR; };
		D5234EB1227B7FFF004E289C /* Common.framework */ = {isa = PBXFileReference; explicitFileType = wrapper.framework; path = Common.framework; sourceTree = BUILT_PRODUCTS_DIR; };
		D5234EB4227B7FFF004E289C /* SubtitlePlayer.framework */ = {isa = PBXFileReference; explicitFileType = wrapper.framework; path = SubtitlePlayer.framework; sourceTree = BUILT_PRODUCTS_DIR; };
		D5234EB7227B7FFF004E289C /* OpenSubtitlesDownloader.framework */ = {isa = PBXFileReference; explicitFileType = wrapper.framework; path = OpenSubtitlesDownloader.framework; sourceTree = BUILT_PRODUCTS_DIR; };
		D5234EBB227B8417004E289C /* Environment.swift */ = {isa = PBXFileReference; lastKnownFileType = sourcecode.swift; path = Environment.swift; sourceTree = "<group>"; };
		D5234EBD227B844F004E289C /* Gzip+Extensions.swift */ = {isa = PBXFileReference; lastKnownFileType = sourcecode.swift; path = "Gzip+Extensions.swift"; sourceTree = "<group>"; };
		D5234ED0227DC658004E289C /* PlayerView.storyboard */ = {isa = PBXFileReference; lastKnownFileType = file.storyboard; path = PlayerView.storyboard; sourceTree = "<group>"; };
		D5234ED2227DC6D2004E289C /* SearchView.storyboard */ = {isa = PBXFileReference; lastKnownFileType = file.storyboard; path = SearchView.storyboard; sourceTree = "<group>"; };
		D5234ED4227DC70C004E289C /* PlayerViewController.swift */ = {isa = PBXFileReference; lastKnownFileType = sourcecode.swift; path = PlayerViewController.swift; sourceTree = "<group>"; };
		D5234ED6227DC72C004E289C /* SearchViewController.swift */ = {isa = PBXFileReference; lastKnownFileType = sourcecode.swift; path = SearchViewController.swift; sourceTree = "<group>"; };
		D5234ED8227DC746004E289C /* PlayerViewModel.swift */ = {isa = PBXFileReference; lastKnownFileType = sourcecode.swift; path = PlayerViewModel.swift; sourceTree = "<group>"; };
		D5234EDA227DC757004E289C /* SearchViewModel.swift */ = {isa = PBXFileReference; lastKnownFileType = sourcecode.swift; path = SearchViewModel.swift; sourceTree = "<group>"; };
		D5234EDC227DC92E004E289C /* MainRouter.swift */ = {isa = PBXFileReference; lastKnownFileType = sourcecode.swift; path = MainRouter.swift; sourceTree = "<group>"; };
		D5234EDE227DCAF8004E289C /* SearchResultView.storyboard */ = {isa = PBXFileReference; lastKnownFileType = file.storyboard; path = SearchResultView.storyboard; sourceTree = "<group>"; };
		D5234EE0227DCB49004E289C /* SearchResultViewController.swift */ = {isa = PBXFileReference; lastKnownFileType = sourcecode.swift; path = SearchResultViewController.swift; sourceTree = "<group>"; };
		D5234EE2227DCB7D004E289C /* SearchResultViewModel.swift */ = {isa = PBXFileReference; lastKnownFileType = sourcecode.swift; path = SearchResultViewModel.swift; sourceTree = "<group>"; };
		D5234EE4227DCD67004E289C /* ViewModel.swift */ = {isa = PBXFileReference; lastKnownFileType = sourcecode.swift; path = ViewModel.swift; sourceTree = "<group>"; };
		D5234EEB227DD150004E289C /* SplashView.storyboard */ = {isa = PBXFileReference; lastKnownFileType = file.storyboard; path = SplashView.storyboard; sourceTree = "<group>"; };
		D5234EEF227DD18B004E289C /* SplashViewController.swift */ = {isa = PBXFileReference; lastKnownFileType = sourcecode.swift; path = SplashViewController.swift; sourceTree = "<group>"; };
		D5234EF3227DF3C4004E289C /* Extensions.swift */ = {isa = PBXFileReference; lastKnownFileType = sourcecode.swift; path = Extensions.swift; sourceTree = "<group>"; };
		D5234EF5227E0990004E289C /* InterfaceControllerContext.swift */ = {isa = PBXFileReference; lastKnownFileType = sourcecode.swift; path = InterfaceControllerContext.swift; sourceTree = "<group>"; };
		D5234EF7227E0A1F004E289C /* Router.swift */ = {isa = PBXFileReference; lastKnownFileType = sourcecode.swift; path = Router.swift; sourceTree = "<group>"; };
		D5234EFA227E4F32004E289C /* TextPickerView.storyboard */ = {isa = PBXFileReference; lastKnownFileType = file.storyboard; path = TextPickerView.storyboard; sourceTree = "<group>"; };
		D5234EFC227E4F52004E289C /* TextPickerViewController.swift */ = {isa = PBXFileReference; lastKnownFileType = sourcecode.swift; path = TextPickerViewController.swift; sourceTree = "<group>"; };
		D5234EFE227E5263004E289C /* TextPickerViewModel.swift */ = {isa = PBXFileReference; lastKnownFileType = sourcecode.swift; path = TextPickerViewModel.swift; sourceTree = "<group>"; };
		D5234F00227E6118004E289C /* Filter.swift */ = {isa = PBXFileReference; lastKnownFileType = sourcecode.swift; path = Filter.swift; sourceTree = "<group>"; };
		D58642F0227B67BA00D6ED22 /* SubtitleApp.app */ = {isa = PBXFileReference; explicitFileType = wrapper.application; includeInIndex = 0; path = SubtitleApp.app; sourceTree = BUILT_PRODUCTS_DIR; };
		D58642F3227B67BA00D6ED22 /* AppDelegate.swift */ = {isa = PBXFileReference; lastKnownFileType = sourcecode.swift; path = AppDelegate.swift; sourceTree = "<group>"; };
		D58642FA227B67BC00D6ED22 /* Assets-iOS.xcassets */ = {isa = PBXFileReference; lastKnownFileType = folder.assetcatalog; path = "Assets-iOS.xcassets"; sourceTree = "<group>"; };
		D58642FF227B67BC00D6ED22 /* Info-iOS.plist */ = {isa = PBXFileReference; lastKnownFileType = text.plist.xml; path = "Info-iOS.plist"; sourceTree = "<group>"; };
		D586430A227B6AB000D6ED22 /* LaunchScreen.xib */ = {isa = PBXFileReference; lastKnownFileType = file.xib; path = LaunchScreen.xib; sourceTree = "<group>"; };
		D586430E227B6B7500D6ED22 /* SubtitleApp watchOS.app */ = {isa = PBXFileReference; explicitFileType = wrapper.application; includeInIndex = 0; path = "SubtitleApp watchOS.app"; sourceTree = BUILT_PRODUCTS_DIR; };
		D5864313227B6B7700D6ED22 /* Assets-watchOS.xcassets */ = {isa = PBXFileReference; lastKnownFileType = folder.assetcatalog; path = "Assets-watchOS.xcassets"; sourceTree = "<group>"; };
		D5864315227B6B7700D6ED22 /* Info-watchOS.plist */ = {isa = PBXFileReference; lastKnownFileType = text.plist.xml; path = "Info-watchOS.plist"; sourceTree = "<group>"; };
		D586431A227B6B7700D6ED22 /* SubtitleApp watchOS Extension.appex */ = {isa = PBXFileReference; explicitFileType = "wrapper.app-extension"; includeInIndex = 0; path = "SubtitleApp watchOS Extension.appex"; sourceTree = BUILT_PRODUCTS_DIR; };
		D5864321227B6B7800D6ED22 /* ExtensionDelegate.swift */ = {isa = PBXFileReference; lastKnownFileType = sourcecode.swift; path = ExtensionDelegate.swift; sourceTree = "<group>"; };
		D5864323227B6B7900D6ED22 /* Assets-watchOS-Extension.xcassets */ = {isa = PBXFileReference; lastKnownFileType = folder.assetcatalog; path = "Assets-watchOS-Extension.xcassets"; sourceTree = "<group>"; };
		D5864325227B6B7900D6ED22 /* Info-watchOS-Extension.plist */ = {isa = PBXFileReference; lastKnownFileType = text.plist.xml; path = "Info-watchOS-Extension.plist"; sourceTree = "<group>"; };
		D5864338227B6E2000D6ED22 /* SubtitleApp TV.app */ = {isa = PBXFileReference; explicitFileType = wrapper.application; includeInIndex = 0; path = "SubtitleApp TV.app"; sourceTree = BUILT_PRODUCTS_DIR; };
		D586433A227B6E2000D6ED22 /* AppDelegate.swift */ = {isa = PBXFileReference; lastKnownFileType = sourcecode.swift; path = AppDelegate.swift; sourceTree = "<group>"; };
		D5864341227B6E2200D6ED22 /* Assets-tvOS.xcassets */ = {isa = PBXFileReference; lastKnownFileType = folder.assetcatalog; path = "Assets-tvOS.xcassets"; sourceTree = "<group>"; };
		D5864343227B6E2200D6ED22 /* Info-tvOS.plist */ = {isa = PBXFileReference; lastKnownFileType = text.plist.xml; path = "Info-tvOS.plist"; sourceTree = "<group>"; };
		D586434F227B702200D6ED22 /* SubtitleApp Desktop.app */ = {isa = PBXFileReference; explicitFileType = wrapper.application; includeInIndex = 0; path = "SubtitleApp Desktop.app"; sourceTree = BUILT_PRODUCTS_DIR; };
		D5864351227B702200D6ED22 /* AppDelegate.swift */ = {isa = PBXFileReference; lastKnownFileType = sourcecode.swift; path = AppDelegate.swift; sourceTree = "<group>"; };
		D5864353227B702300D6ED22 /* Assets-macOS.xcassets */ = {isa = PBXFileReference; lastKnownFileType = folder.assetcatalog; path = "Assets-macOS.xcassets"; sourceTree = "<group>"; };
		D5864356227B702300D6ED22 /* Base */ = {isa = PBXFileReference; lastKnownFileType = file.xib; name = Base; path = Base.lproj/MainMenu.xib; sourceTree = "<group>"; };
		D5864358227B702300D6ED22 /* Info-macOS.plist */ = {isa = PBXFileReference; lastKnownFileType = text.plist.xml; path = "Info-macOS.plist"; sourceTree = "<group>"; };
		D5864359227B702300D6ED22 /* SubtitleApp_Desktop.entitlements */ = {isa = PBXFileReference; lastKnownFileType = text.plist.entitlements; path = SubtitleApp_Desktop.entitlements; sourceTree = "<group>"; };
		EB8EB58CB78B6D09C2AE945B /* Pods-SubtitleApp watchOS Extension.debug.xcconfig */ = {isa = PBXFileReference; includeInIndex = 1; lastKnownFileType = text.xcconfig; name = "Pods-SubtitleApp watchOS Extension.debug.xcconfig"; path = "Target Support Files/Pods-SubtitleApp watchOS Extension/Pods-SubtitleApp watchOS Extension.debug.xcconfig"; sourceTree = "<group>"; };
		F9C958E02753498BCA096B55 /* Pods-SubtitleApp Desktop.debug.xcconfig */ = {isa = PBXFileReference; includeInIndex = 1; lastKnownFileType = text.xcconfig; name = "Pods-SubtitleApp Desktop.debug.xcconfig"; path = "Target Support Files/Pods-SubtitleApp Desktop/Pods-SubtitleApp Desktop.debug.xcconfig"; sourceTree = "<group>"; };
/* End PBXFileReference section */

/* Begin PBXFrameworksBuildPhase section */
		62F08F0E5459B57B71099C7B /* Frameworks */ = {
			isa = PBXFrameworksBuildPhase;
			buildActionMask = 2147483647;
			files = (
			);
			runOnlyForDeploymentPostprocessing = 0;
		};
		D58642ED227B67BA00D6ED22 /* Frameworks */ = {
			isa = PBXFrameworksBuildPhase;
			buildActionMask = 2147483647;
			files = (
				D5234EA1227B7FE3004E289C /* SubtitlePlayer.framework in Frameworks */,
				2CD3F50BDA8DAA2288DF1595 /* Pods_SubtitleApp.framework in Frameworks */,
				D5234E9E227B7FE3004E289C /* Common.framework in Frameworks */,
				D5234EA4227B7FE3004E289C /* OpenSubtitlesDownloader.framework in Frameworks */,
			);
			runOnlyForDeploymentPostprocessing = 0;
		};
		D5864317227B6B7700D6ED22 /* Frameworks */ = {
			isa = PBXFrameworksBuildPhase;
			buildActionMask = 2147483647;
			files = (
				D5234E97227B7FD1004E289C /* SubtitlePlayer.framework in Frameworks */,
				A0EDDC237558A17002C8186B /* Pods_SubtitleApp_watchOS_Extension.framework in Frameworks */,
				D5234E94227B7FD1004E289C /* Common.framework in Frameworks */,
				D5234E9A227B7FD1004E289C /* OpenSubtitlesDownloader.framework in Frameworks */,
			);
			runOnlyForDeploymentPostprocessing = 0;
		};
		D5864335227B6E2000D6ED22 /* Frameworks */ = {
			isa = PBXFrameworksBuildPhase;
			buildActionMask = 2147483647;
			files = (
				D5234EAB227B7FF2004E289C /* SubtitlePlayer.framework in Frameworks */,
				2AAB37406B159470DEF593AD /* Pods_SubtitleApp_TV.framework in Frameworks */,
				D5234EA8227B7FF2004E289C /* Common.framework in Frameworks */,
				D5234EAE227B7FF3004E289C /* OpenSubtitlesDownloader.framework in Frameworks */,
			);
			runOnlyForDeploymentPostprocessing = 0;
		};
		D586434C227B702200D6ED22 /* Frameworks */ = {
			isa = PBXFrameworksBuildPhase;
			buildActionMask = 2147483647;
			files = (
				D5234EB5227B7FFF004E289C /* SubtitlePlayer.framework in Frameworks */,
				4201BEBC1E000921D16FB5B0 /* Pods_SubtitleApp_Desktop.framework in Frameworks */,
				D5234EB2227B7FFF004E289C /* Common.framework in Frameworks */,
				D5234EB8227B7FFF004E289C /* OpenSubtitlesDownloader.framework in Frameworks */,
			);
			runOnlyForDeploymentPostprocessing = 0;
		};
/* End PBXFrameworksBuildPhase section */

/* Begin PBXGroup section */
		715E1F54C034B52557562175 /* Pods */ = {
			isa = PBXGroup;
			children = (
				47A9BFC2922364B59A5311C1 /* Pods-SubtitleApp.debug.xcconfig */,
				95560D83B84B2F61F5458ABA /* Pods-SubtitleApp.release.xcconfig */,
				F9C958E02753498BCA096B55 /* Pods-SubtitleApp Desktop.debug.xcconfig */,
				C22841EAAF56D7011B75B81F /* Pods-SubtitleApp Desktop.release.xcconfig */,
				163FC1389A891CF4D9C5738A /* Pods-SubtitleApp TV.debug.xcconfig */,
				1A4F1A084F4FE0D0681074B8 /* Pods-SubtitleApp TV.release.xcconfig */,
				EB8EB58CB78B6D09C2AE945B /* Pods-SubtitleApp watchOS Extension.debug.xcconfig */,
				C5CCF59710720E9578C4EFEF /* Pods-SubtitleApp watchOS Extension.release.xcconfig */,
			);
			path = Pods;
			sourceTree = "<group>";
		};
		BBC748617CF0DD2520047A49 /* Frameworks */ = {
			isa = PBXGroup;
			children = (
				021AD0B8A424D29728379E63 /* Pods_SubtitleApp.framework */,
				0CC60AC8CE888AC3A2841E15 /* Pods_SubtitleApp_Desktop.framework */,
				B50DCD7B49D8C423D4443B64 /* Pods_SubtitleApp_TV.framework */,
				23CDDC48676FB984298C9168 /* Pods_SubtitleApp_watchOS_Extension.framework */,
				D5234EB7227B7FFF004E289C /* OpenSubtitlesDownloader.framework */,
				D5234EB4227B7FFF004E289C /* SubtitlePlayer.framework */,
				D5234EB1227B7FFF004E289C /* Common.framework */,
				D5234EAD227B7FF3004E289C /* OpenSubtitlesDownloader.framework */,
				D5234EAA227B7FF2004E289C /* SubtitlePlayer.framework */,
				D5234EA7227B7FF2004E289C /* Common.framework */,
				D5234EA3227B7FE3004E289C /* OpenSubtitlesDownloader.framework */,
				D5234EA0227B7FE3004E289C /* SubtitlePlayer.framework */,
				D5234E9D227B7FE3004E289C /* Common.framework */,
				D5234E99227B7FD1004E289C /* OpenSubtitlesDownloader.framework */,
				D5234E96227B7FD1004E289C /* SubtitlePlayer.framework */,
				D5234E93227B7FD1004E289C /* Common.framework */,
			);
			name = Frameworks;
			sourceTree = "<group>";
		};
		D5234ECE227DC4EC004E289C /* Search */ = {
			isa = PBXGroup;
			children = (
				D5234EDE227DCAF8004E289C /* SearchResultView.storyboard */,
				D5234EE0227DCB49004E289C /* SearchResultViewController.swift */,
				D5234EE2227DCB7D004E289C /* SearchResultViewModel.swift */,
				D5234ED2227DC6D2004E289C /* SearchView.storyboard */,
				D5234ED6227DC72C004E289C /* SearchViewController.swift */,
				D5234EDA227DC757004E289C /* SearchViewModel.swift */,
			);
			path = Search;
			sourceTree = "<group>";
		};
		D5234ECF227DC4FD004E289C /* Player */ = {
			isa = PBXGroup;
			children = (
				D5234ED0227DC658004E289C /* PlayerView.storyboard */,
				D5234ED4227DC70C004E289C /* PlayerViewController.swift */,
				D5234ED8227DC746004E289C /* PlayerViewModel.swift */,
			);
			path = Player;
			sourceTree = "<group>";
		};
		D5234EE8227DD116004E289C /* Splash */ = {
			isa = PBXGroup;
			children = (
				D5234EEB227DD150004E289C /* SplashView.storyboard */,
				D5234EEF227DD18B004E289C /* SplashViewController.swift */,
			);
			path = Splash;
			sourceTree = "<group>";
		};
		D5234EF9227E4E47004E289C /* Utils */ = {
			isa = PBXGroup;
			children = (
				D5234EF3227DF3C4004E289C /* Extensions.swift */,
				D5234F00227E6118004E289C /* Filter.swift */,
				D5234EBD227B844F004E289C /* Gzip+Extensions.swift */,
				D5234EF5227E0990004E289C /* InterfaceControllerContext.swift */,
				D5234EFA227E4F32004E289C /* TextPickerView.storyboard */,
				D5234EFC227E4F52004E289C /* TextPickerViewController.swift */,
				D5234EFE227E5263004E289C /* TextPickerViewModel.swift */,
				D5234EE4227DCD67004E289C /* ViewModel.swift */,
			);
			path = Utils;
			sourceTree = "<group>";
		};
		D58642E7227B67BA00D6ED22 = {
			isa = PBXGroup;
			children = (
				D5864305227B690100D6ED22 /* Sources */,
				D58642F1227B67BA00D6ED22 /* Products */,
				715E1F54C034B52557562175 /* Pods */,
				BBC748617CF0DD2520047A49 /* Frameworks */,
			);
			sourceTree = "<group>";
		};
		D58642F1227B67BA00D6ED22 /* Products */ = {
			isa = PBXGroup;
			children = (
				D58642F0227B67BA00D6ED22 /* SubtitleApp.app */,
				D586430E227B6B7500D6ED22 /* SubtitleApp watchOS.app */,
				D586431A227B6B7700D6ED22 /* SubtitleApp watchOS Extension.appex */,
				D5864338227B6E2000D6ED22 /* SubtitleApp TV.app */,
				D586434F227B702200D6ED22 /* SubtitleApp Desktop.app */,
			);
			name = Products;
			sourceTree = "<group>";
		};
		D58642F2227B67BA00D6ED22 /* SubtitleApp */ = {
			isa = PBXGroup;
			children = (
				D5864308227B6A4200D6ED22 /* iOS */,
				D586435D227B703000D6ED22 /* macOS */,
				D5864347227B6E3300D6ED22 /* tvOS */,
				D5864331227B6BAC00D6ED22 /* watchOS */,
			);
			path = SubtitleApp;
			sourceTree = "<group>";
		};
		D5864305227B690100D6ED22 /* Sources */ = {
			isa = PBXGroup;
			children = (
				D5864306227B693900D6ED22 /* Metadata */,
				D58642F2227B67BA00D6ED22 /* SubtitleApp */,
			);
			path = Sources;
			sourceTree = "<group>";
		};
		D5864306227B693900D6ED22 /* Metadata */ = {
			isa = PBXGroup;
			children = (
				D5864307227B694500D6ED22 /* SubtitleApp */,
			);
			path = Metadata;
			sourceTree = "<group>";
		};
		D5864307227B694500D6ED22 /* SubtitleApp */ = {
			isa = PBXGroup;
			children = (
				D58642FA227B67BC00D6ED22 /* Assets-iOS.xcassets */,
				D5864353227B702300D6ED22 /* Assets-macOS.xcassets */,
				D5864341227B6E2200D6ED22 /* Assets-tvOS.xcassets */,
				D5864323227B6B7900D6ED22 /* Assets-watchOS-Extension.xcassets */,
				D5864313227B6B7700D6ED22 /* Assets-watchOS.xcassets */,
				D58642FF227B67BC00D6ED22 /* Info-iOS.plist */,
				D5864358227B702300D6ED22 /* Info-macOS.plist */,
				D5864343227B6E2200D6ED22 /* Info-tvOS.plist */,
				D5864325227B6B7900D6ED22 /* Info-watchOS-Extension.plist */,
				D5864315227B6B7700D6ED22 /* Info-watchOS.plist */,
				D5864359227B702300D6ED22 /* SubtitleApp_Desktop.entitlements */,
			);
			path = SubtitleApp;
			sourceTree = "<group>";
		};
		D5864308227B6A4200D6ED22 /* iOS */ = {
			isa = PBXGroup;
			children = (
				D5864309227B6A8E00D6ED22 /* Bootstrap */,
			);
			path = iOS;
			sourceTree = "<group>";
		};
		D5864309227B6A8E00D6ED22 /* Bootstrap */ = {
			isa = PBXGroup;
			children = (
				D58642F3227B67BA00D6ED22 /* AppDelegate.swift */,
				D586430A227B6AB000D6ED22 /* LaunchScreen.xib */,
			);
			path = Bootstrap;
			sourceTree = "<group>";
		};
		D5864331227B6BAC00D6ED22 /* watchOS */ = {
			isa = PBXGroup;
			children = (
				D5864332227B6C8C00D6ED22 /* Bootstrap */,
				D5234ECF227DC4FD004E289C /* Player */,
				D5234ECE227DC4EC004E289C /* Search */,
				D5234EE8227DD116004E289C /* Splash */,
				D5234EF9227E4E47004E289C /* Utils */,
			);
			path = watchOS;
			sourceTree = "<group>";
		};
		D5864332227B6C8C00D6ED22 /* Bootstrap */ = {
			isa = PBXGroup;
			children = (
				D5234EBB227B8417004E289C /* Environment.swift */,
				D5864321227B6B7800D6ED22 /* ExtensionDelegate.swift */,
				D5234EDC227DC92E004E289C /* MainRouter.swift */,
				D5234EF7227E0A1F004E289C /* Router.swift */,
			);
			path = Bootstrap;
			sourceTree = "<group>";
		};
		D5864347227B6E3300D6ED22 /* tvOS */ = {
			isa = PBXGroup;
			children = (
				D5864348227B6E7A00D6ED22 /* Bootstrap */,
			);
			path = tvOS;
			sourceTree = "<group>";
		};
		D5864348227B6E7A00D6ED22 /* Bootstrap */ = {
			isa = PBXGroup;
			children = (
				D586433A227B6E2000D6ED22 /* AppDelegate.swift */,
			);
			path = Bootstrap;
			sourceTree = "<group>";
		};
		D586435D227B703000D6ED22 /* macOS */ = {
			isa = PBXGroup;
			children = (
				D586435E227B703F00D6ED22 /* Bootstrap */,
				D586435F227B707200D6ED22 /* Home */,
			);
			path = macOS;
			sourceTree = "<group>";
		};
		D586435E227B703F00D6ED22 /* Bootstrap */ = {
			isa = PBXGroup;
			children = (
				D5864351227B702200D6ED22 /* AppDelegate.swift */,
			);
			path = Bootstrap;
			sourceTree = "<group>";
		};
		D586435F227B707200D6ED22 /* Home */ = {
			isa = PBXGroup;
			children = (
				D5864355227B702300D6ED22 /* MainMenu.xib */,
			);
			path = Home;
			sourceTree = "<group>";
		};
/* End PBXGroup section */

/* Begin PBXNativeTarget section */
		D58642EF227B67BA00D6ED22 /* SubtitleApp */ = {
			isa = PBXNativeTarget;
			buildConfigurationList = D5864302227B67BC00D6ED22 /* Build configuration list for PBXNativeTarget "SubtitleApp" */;
			buildPhases = (
				4C0219FF8316294818C5CC02 /* [CP] Check Pods Manifest.lock */,
				D58642EC227B67BA00D6ED22 /* Sources */,
				D58642ED227B67BA00D6ED22 /* Frameworks */,
				D58642EE227B67BA00D6ED22 /* Resources */,
				D5864330227B6B7900D6ED22 /* Embed Watch Content */,
				34685994F99BA1161C3F519C /* [CP] Embed Pods Frameworks */,
				D5234EA6227B7FE3004E289C /* Embed Frameworks */,
			);
			buildRules = (
			);
			dependencies = (
				D5864327227B6B7900D6ED22 /* PBXTargetDependency */,
			);
			name = SubtitleApp;
			productName = SubtitleApp;
			productReference = D58642F0227B67BA00D6ED22 /* SubtitleApp.app */;
			productType = "com.apple.product-type.application";
		};
		D586430D227B6B7500D6ED22 /* SubtitleApp watchOS */ = {
			isa = PBXNativeTarget;
			buildConfigurationList = D586432D227B6B7900D6ED22 /* Build configuration list for PBXNativeTarget "SubtitleApp watchOS" */;
			buildPhases = (
				D586430C227B6B7500D6ED22 /* Resources */,
				D586432C227B6B7900D6ED22 /* Embed App Extensions */,
				62F08F0E5459B57B71099C7B /* Frameworks */,
			);
			buildRules = (
			);
			dependencies = (
				D586431D227B6B7800D6ED22 /* PBXTargetDependency */,
			);
			name = "SubtitleApp watchOS";
			productName = "SubtitleApp watchOS";
			productReference = D586430E227B6B7500D6ED22 /* SubtitleApp watchOS.app */;
			productType = "com.apple.product-type.application.watchapp2";
		};
		D5864319227B6B7700D6ED22 /* SubtitleApp watchOS Extension */ = {
			isa = PBXNativeTarget;
			buildConfigurationList = D5864329227B6B7900D6ED22 /* Build configuration list for PBXNativeTarget "SubtitleApp watchOS Extension" */;
			buildPhases = (
				003D4CAA2ACD78C000466D89 /* [CP] Check Pods Manifest.lock */,
				D5864316227B6B7700D6ED22 /* Sources */,
				D5864317227B6B7700D6ED22 /* Frameworks */,
				D5864318227B6B7700D6ED22 /* Resources */,
				26A9CA019CF69760B38F1266 /* [CP] Embed Pods Frameworks */,
				D5234E9C227B7FD1004E289C /* Embed Frameworks */,
			);
			buildRules = (
			);
			dependencies = (
			);
			name = "SubtitleApp watchOS Extension";
			productName = "SubtitleApp watchOS Extension";
			productReference = D586431A227B6B7700D6ED22 /* SubtitleApp watchOS Extension.appex */;
			productType = "com.apple.product-type.watchkit2-extension";
		};
		D5864337227B6E2000D6ED22 /* SubtitleApp TV */ = {
			isa = PBXNativeTarget;
			buildConfigurationList = D5864344227B6E2200D6ED22 /* Build configuration list for PBXNativeTarget "SubtitleApp TV" */;
			buildPhases = (
				E950C67C3E2D4541DAE28745 /* [CP] Check Pods Manifest.lock */,
				D5864334227B6E2000D6ED22 /* Sources */,
				D5864335227B6E2000D6ED22 /* Frameworks */,
				D5864336227B6E2000D6ED22 /* Resources */,
				D0679C116A69D0B87CD7E4A1 /* [CP] Embed Pods Frameworks */,
				D5234EB0227B7FF3004E289C /* Embed Frameworks */,
			);
			buildRules = (
			);
			dependencies = (
			);
			name = "SubtitleApp TV";
			productName = "SubtitleApp TV";
			productReference = D5864338227B6E2000D6ED22 /* SubtitleApp TV.app */;
			productType = "com.apple.product-type.application";
		};
		D586434E227B702200D6ED22 /* SubtitleApp Desktop */ = {
			isa = PBXNativeTarget;
			buildConfigurationList = D586435A227B702400D6ED22 /* Build configuration list for PBXNativeTarget "SubtitleApp Desktop" */;
			buildPhases = (
				D90C6F256AA704C8CAD13112 /* [CP] Check Pods Manifest.lock */,
				D586434B227B702200D6ED22 /* Sources */,
				D586434C227B702200D6ED22 /* Frameworks */,
				D586434D227B702200D6ED22 /* Resources */,
				48A30CFBE21A6E5B2D900B77 /* [CP] Embed Pods Frameworks */,
				D5234EBA227B7FFF004E289C /* Embed Frameworks */,
			);
			buildRules = (
			);
			dependencies = (
			);
			name = "SubtitleApp Desktop";
			productName = "SubtitleApp Desktop";
			productReference = D586434F227B702200D6ED22 /* SubtitleApp Desktop.app */;
			productType = "com.apple.product-type.application";
		};
/* End PBXNativeTarget section */

/* Begin PBXProject section */
		D58642E8227B67BA00D6ED22 /* Project object */ = {
			isa = PBXProject;
			attributes = {
				LastSwiftUpdateCheck = 1020;
				LastUpgradeCheck = 1020;
				ORGANIZATIONNAME = "Luiz Rodrigo Martins Barbosa";
				TargetAttributes = {
					D58642EF227B67BA00D6ED22 = {
						CreatedOnToolsVersion = 10.2.1;
					};
					D586430D227B6B7500D6ED22 = {
						CreatedOnToolsVersion = 10.2.1;
					};
					D5864319227B6B7700D6ED22 = {
						CreatedOnToolsVersion = 10.2.1;
					};
					D5864337227B6E2000D6ED22 = {
						CreatedOnToolsVersion = 10.2.1;
					};
					D586434E227B702200D6ED22 = {
						CreatedOnToolsVersion = 10.2.1;
					};
				};
			};
			buildConfigurationList = D58642EB227B67BA00D6ED22 /* Build configuration list for PBXProject "SubtitleApp" */;
			compatibilityVersion = "Xcode 9.3";
			developmentRegion = en;
			hasScannedForEncodings = 0;
			knownRegions = (
				en,
				Base,
			);
			mainGroup = D58642E7227B67BA00D6ED22;
			productRefGroup = D58642F1227B67BA00D6ED22 /* Products */;
			projectDirPath = "";
			projectRoot = "";
			targets = (
				D58642EF227B67BA00D6ED22 /* SubtitleApp */,
				D586430D227B6B7500D6ED22 /* SubtitleApp watchOS */,
				D5864319227B6B7700D6ED22 /* SubtitleApp watchOS Extension */,
				D5864337227B6E2000D6ED22 /* SubtitleApp TV */,
				D586434E227B702200D6ED22 /* SubtitleApp Desktop */,
			);
		};
/* End PBXProject section */

/* Begin PBXResourcesBuildPhase section */
		D58642EE227B67BA00D6ED22 /* Resources */ = {
			isa = PBXResourcesBuildPhase;
			buildActionMask = 2147483647;
			files = (
				D586430B227B6AB000D6ED22 /* LaunchScreen.xib in Resources */,
				D58642FB227B67BC00D6ED22 /* Assets-iOS.xcassets in Resources */,
			);
			runOnlyForDeploymentPostprocessing = 0;
		};
		D586430C227B6B7500D6ED22 /* Resources */ = {
			isa = PBXResourcesBuildPhase;
			buildActionMask = 2147483647;
			files = (
				D5234EFB227E4F32004E289C /* TextPickerView.storyboard in Resources */,
				D5864314227B6B7700D6ED22 /* Assets-watchOS.xcassets in Resources */,
				D5234EDF227DCAF8004E289C /* SearchResultView.storyboard in Resources */,
				D5234ED3227DC6D2004E289C /* SearchView.storyboard in Resources */,
				D5234EEC227DD150004E289C /* SplashView.storyboard in Resources */,
				D5234ED1227DC658004E289C /* PlayerView.storyboard in Resources */,
			);
			runOnlyForDeploymentPostprocessing = 0;
		};
		D5864318227B6B7700D6ED22 /* Resources */ = {
			isa = PBXResourcesBuildPhase;
			buildActionMask = 2147483647;
			files = (
				D5864324227B6B7900D6ED22 /* Assets-watchOS-Extension.xcassets in Resources */,
			);
			runOnlyForDeploymentPostprocessing = 0;
		};
		D5864336227B6E2000D6ED22 /* Resources */ = {
			isa = PBXResourcesBuildPhase;
			buildActionMask = 2147483647;
			files = (
				D5864342227B6E2200D6ED22 /* Assets-tvOS.xcassets in Resources */,
			);
			runOnlyForDeploymentPostprocessing = 0;
		};
		D586434D227B702200D6ED22 /* Resources */ = {
			isa = PBXResourcesBuildPhase;
			buildActionMask = 2147483647;
			files = (
				D5864354227B702300D6ED22 /* Assets-macOS.xcassets in Resources */,
				D5864357227B702300D6ED22 /* MainMenu.xib in Resources */,
			);
			runOnlyForDeploymentPostprocessing = 0;
		};
/* End PBXResourcesBuildPhase section */

/* Begin PBXShellScriptBuildPhase section */
		003D4CAA2ACD78C000466D89 /* [CP] Check Pods Manifest.lock */ = {
			isa = PBXShellScriptBuildPhase;
			buildActionMask = 2147483647;
			files = (
			);
			inputFileListPaths = (
			);
			inputPaths = (
				"${PODS_PODFILE_DIR_PATH}/Podfile.lock",
				"${PODS_ROOT}/Manifest.lock",
			);
			name = "[CP] Check Pods Manifest.lock";
			outputFileListPaths = (
			);
			outputPaths = (
				"$(DERIVED_FILE_DIR)/Pods-SubtitleApp watchOS Extension-checkManifestLockResult.txt",
			);
			runOnlyForDeploymentPostprocessing = 0;
			shellPath = /bin/sh;
			shellScript = "diff \"${PODS_PODFILE_DIR_PATH}/Podfile.lock\" \"${PODS_ROOT}/Manifest.lock\" > /dev/null\nif [ $? != 0 ] ; then\n    # print error to STDERR\n    echo \"error: The sandbox is not in sync with the Podfile.lock. Run 'pod install' or update your CocoaPods installation.\" >&2\n    exit 1\nfi\n# This output is used by Xcode 'outputs' to avoid re-running this script phase.\necho \"SUCCESS\" > \"${SCRIPT_OUTPUT_FILE_0}\"\n";
			showEnvVarsInLog = 0;
		};
		26A9CA019CF69760B38F1266 /* [CP] Embed Pods Frameworks */ = {
			isa = PBXShellScriptBuildPhase;
			buildActionMask = 2147483647;
			files = (
			);
			inputFileListPaths = (
				"${PODS_ROOT}/Target Support Files/Pods-SubtitleApp watchOS Extension/Pods-SubtitleApp watchOS Extension-frameworks-${CONFIGURATION}-input-files.xcfilelist",
			);
			name = "[CP] Embed Pods Frameworks";
			outputFileListPaths = (
				"${PODS_ROOT}/Target Support Files/Pods-SubtitleApp watchOS Extension/Pods-SubtitleApp watchOS Extension-frameworks-${CONFIGURATION}-output-files.xcfilelist",
			);
			runOnlyForDeploymentPostprocessing = 0;
			shellPath = /bin/sh;
			shellScript = "\"${PODS_ROOT}/Target Support Files/Pods-SubtitleApp watchOS Extension/Pods-SubtitleApp watchOS Extension-frameworks.sh\"\n";
			showEnvVarsInLog = 0;
		};
		34685994F99BA1161C3F519C /* [CP] Embed Pods Frameworks */ = {
			isa = PBXShellScriptBuildPhase;
			buildActionMask = 2147483647;
			files = (
			);
			inputFileListPaths = (
				"${PODS_ROOT}/Target Support Files/Pods-SubtitleApp/Pods-SubtitleApp-frameworks-${CONFIGURATION}-input-files.xcfilelist",
			);
			name = "[CP] Embed Pods Frameworks";
			outputFileListPaths = (
				"${PODS_ROOT}/Target Support Files/Pods-SubtitleApp/Pods-SubtitleApp-frameworks-${CONFIGURATION}-output-files.xcfilelist",
			);
			runOnlyForDeploymentPostprocessing = 0;
			shellPath = /bin/sh;
			shellScript = "\"${PODS_ROOT}/Target Support Files/Pods-SubtitleApp/Pods-SubtitleApp-frameworks.sh\"\n";
			showEnvVarsInLog = 0;
		};
		48A30CFBE21A6E5B2D900B77 /* [CP] Embed Pods Frameworks */ = {
			isa = PBXShellScriptBuildPhase;
			buildActionMask = 2147483647;
			files = (
			);
			inputFileListPaths = (
				"${PODS_ROOT}/Target Support Files/Pods-SubtitleApp Desktop/Pods-SubtitleApp Desktop-frameworks-${CONFIGURATION}-input-files.xcfilelist",
			);
			name = "[CP] Embed Pods Frameworks";
			outputFileListPaths = (
				"${PODS_ROOT}/Target Support Files/Pods-SubtitleApp Desktop/Pods-SubtitleApp Desktop-frameworks-${CONFIGURATION}-output-files.xcfilelist",
			);
			runOnlyForDeploymentPostprocessing = 0;
			shellPath = /bin/sh;
			shellScript = "\"${PODS_ROOT}/Target Support Files/Pods-SubtitleApp Desktop/Pods-SubtitleApp Desktop-frameworks.sh\"\n";
			showEnvVarsInLog = 0;
		};
		4C0219FF8316294818C5CC02 /* [CP] Check Pods Manifest.lock */ = {
			isa = PBXShellScriptBuildPhase;
			buildActionMask = 2147483647;
			files = (
			);
			inputFileListPaths = (
			);
			inputPaths = (
				"${PODS_PODFILE_DIR_PATH}/Podfile.lock",
				"${PODS_ROOT}/Manifest.lock",
			);
			name = "[CP] Check Pods Manifest.lock";
			outputFileListPaths = (
			);
			outputPaths = (
				"$(DERIVED_FILE_DIR)/Pods-SubtitleApp-checkManifestLockResult.txt",
			);
			runOnlyForDeploymentPostprocessing = 0;
			shellPath = /bin/sh;
			shellScript = "diff \"${PODS_PODFILE_DIR_PATH}/Podfile.lock\" \"${PODS_ROOT}/Manifest.lock\" > /dev/null\nif [ $? != 0 ] ; then\n    # print error to STDERR\n    echo \"error: The sandbox is not in sync with the Podfile.lock. Run 'pod install' or update your CocoaPods installation.\" >&2\n    exit 1\nfi\n# This output is used by Xcode 'outputs' to avoid re-running this script phase.\necho \"SUCCESS\" > \"${SCRIPT_OUTPUT_FILE_0}\"\n";
			showEnvVarsInLog = 0;
		};
		D0679C116A69D0B87CD7E4A1 /* [CP] Embed Pods Frameworks */ = {
			isa = PBXShellScriptBuildPhase;
			buildActionMask = 2147483647;
			files = (
			);
			inputFileListPaths = (
				"${PODS_ROOT}/Target Support Files/Pods-SubtitleApp TV/Pods-SubtitleApp TV-frameworks-${CONFIGURATION}-input-files.xcfilelist",
			);
			name = "[CP] Embed Pods Frameworks";
			outputFileListPaths = (
				"${PODS_ROOT}/Target Support Files/Pods-SubtitleApp TV/Pods-SubtitleApp TV-frameworks-${CONFIGURATION}-output-files.xcfilelist",
			);
			runOnlyForDeploymentPostprocessing = 0;
			shellPath = /bin/sh;
			shellScript = "\"${PODS_ROOT}/Target Support Files/Pods-SubtitleApp TV/Pods-SubtitleApp TV-frameworks.sh\"\n";
			showEnvVarsInLog = 0;
		};
		D90C6F256AA704C8CAD13112 /* [CP] Check Pods Manifest.lock */ = {
			isa = PBXShellScriptBuildPhase;
			buildActionMask = 2147483647;
			files = (
			);
			inputFileListPaths = (
			);
			inputPaths = (
				"${PODS_PODFILE_DIR_PATH}/Podfile.lock",
				"${PODS_ROOT}/Manifest.lock",
			);
			name = "[CP] Check Pods Manifest.lock";
			outputFileListPaths = (
			);
			outputPaths = (
				"$(DERIVED_FILE_DIR)/Pods-SubtitleApp Desktop-checkManifestLockResult.txt",
			);
			runOnlyForDeploymentPostprocessing = 0;
			shellPath = /bin/sh;
			shellScript = "diff \"${PODS_PODFILE_DIR_PATH}/Podfile.lock\" \"${PODS_ROOT}/Manifest.lock\" > /dev/null\nif [ $? != 0 ] ; then\n    # print error to STDERR\n    echo \"error: The sandbox is not in sync with the Podfile.lock. Run 'pod install' or update your CocoaPods installation.\" >&2\n    exit 1\nfi\n# This output is used by Xcode 'outputs' to avoid re-running this script phase.\necho \"SUCCESS\" > \"${SCRIPT_OUTPUT_FILE_0}\"\n";
			showEnvVarsInLog = 0;
		};
		E950C67C3E2D4541DAE28745 /* [CP] Check Pods Manifest.lock */ = {
			isa = PBXShellScriptBuildPhase;
			buildActionMask = 2147483647;
			files = (
			);
			inputFileListPaths = (
			);
			inputPaths = (
				"${PODS_PODFILE_DIR_PATH}/Podfile.lock",
				"${PODS_ROOT}/Manifest.lock",
			);
			name = "[CP] Check Pods Manifest.lock";
			outputFileListPaths = (
			);
			outputPaths = (
				"$(DERIVED_FILE_DIR)/Pods-SubtitleApp TV-checkManifestLockResult.txt",
			);
			runOnlyForDeploymentPostprocessing = 0;
			shellPath = /bin/sh;
			shellScript = "diff \"${PODS_PODFILE_DIR_PATH}/Podfile.lock\" \"${PODS_ROOT}/Manifest.lock\" > /dev/null\nif [ $? != 0 ] ; then\n    # print error to STDERR\n    echo \"error: The sandbox is not in sync with the Podfile.lock. Run 'pod install' or update your CocoaPods installation.\" >&2\n    exit 1\nfi\n# This output is used by Xcode 'outputs' to avoid re-running this script phase.\necho \"SUCCESS\" > \"${SCRIPT_OUTPUT_FILE_0}\"\n";
			showEnvVarsInLog = 0;
		};
/* End PBXShellScriptBuildPhase section */

/* Begin PBXSourcesBuildPhase section */
		D58642EC227B67BA00D6ED22 /* Sources */ = {
			isa = PBXSourcesBuildPhase;
			buildActionMask = 2147483647;
			files = (
				D58642F4227B67BA00D6ED22 /* AppDelegate.swift in Sources */,
			);
			runOnlyForDeploymentPostprocessing = 0;
		};
		D5864316227B6B7700D6ED22 /* Sources */ = {
			isa = PBXSourcesBuildPhase;
			buildActionMask = 2147483647;
			files = (
				D5234ED7227DC72C004E289C /* SearchViewController.swift in Sources */,
				D5234EE3227DCB7D004E289C /* SearchResultViewModel.swift in Sources */,
				D5864322227B6B7800D6ED22 /* ExtensionDelegate.swift in Sources */,
				D5234EE1227DCB49004E289C /* SearchResultViewController.swift in Sources */,
				D5234EDB227DC757004E289C /* SearchViewModel.swift in Sources */,
				D5234EFF227E5263004E289C /* TextPickerViewModel.swift in Sources */,
				D5234EF0227DD18B004E289C /* SplashViewController.swift in Sources */,
				D5234EF6227E0990004E289C /* InterfaceControllerContext.swift in Sources */,
				D5234EF8227E0A1F004E289C /* Router.swift in Sources */,
				D5234EBE227B844F004E289C /* Gzip+Extensions.swift in Sources */,
				D5234EBC227B8417004E289C /* Environment.swift in Sources */,
				D5234F01227E6118004E289C /* Filter.swift in Sources */,
				D5234ED9227DC746004E289C /* PlayerViewModel.swift in Sources */,
				D5234EFD227E4F52004E289C /* TextPickerViewController.swift in Sources */,
				D5234ED5227DC70C004E289C /* PlayerViewController.swift in Sources */,
				D5234EE5227DCD67004E289C /* ViewModel.swift in Sources */,
				D5234EF4227DF3C4004E289C /* Extensions.swift in Sources */,
				D5234EDD227DC92E004E289C /* MainRouter.swift in Sources */,
			);
			runOnlyForDeploymentPostprocessing = 0;
		};
		D5864334227B6E2000D6ED22 /* Sources */ = {
			isa = PBXSourcesBuildPhase;
			buildActionMask = 2147483647;
			files = (
				D586433B227B6E2000D6ED22 /* AppDelegate.swift in Sources */,
			);
			runOnlyForDeploymentPostprocessing = 0;
		};
		D586434B227B702200D6ED22 /* Sources */ = {
			isa = PBXSourcesBuildPhase;
			buildActionMask = 2147483647;
			files = (
				D5864352227B702200D6ED22 /* AppDelegate.swift in Sources */,
			);
			runOnlyForDeploymentPostprocessing = 0;
		};
/* End PBXSourcesBuildPhase section */

/* Begin PBXTargetDependency section */
		D586431D227B6B7800D6ED22 /* PBXTargetDependency */ = {
			isa = PBXTargetDependency;
			target = D5864319227B6B7700D6ED22 /* SubtitleApp watchOS Extension */;
			targetProxy = D586431C227B6B7800D6ED22 /* PBXContainerItemProxy */;
		};
		D5864327227B6B7900D6ED22 /* PBXTargetDependency */ = {
			isa = PBXTargetDependency;
			target = D586430D227B6B7500D6ED22 /* SubtitleApp watchOS */;
			targetProxy = D5864326227B6B7900D6ED22 /* PBXContainerItemProxy */;
		};
/* End PBXTargetDependency section */

/* Begin PBXVariantGroup section */
		D5864355227B702300D6ED22 /* MainMenu.xib */ = {
			isa = PBXVariantGroup;
			children = (
				D5864356227B702300D6ED22 /* Base */,
			);
			name = MainMenu.xib;
			sourceTree = "<group>";
		};
/* End PBXVariantGroup section */

/* Begin XCBuildConfiguration section */
		D5864300227B67BC00D6ED22 /* Debug */ = {
			isa = XCBuildConfiguration;
			buildSettings = {
				ALWAYS_SEARCH_USER_PATHS = NO;
				CLANG_ANALYZER_NONNULL = YES;
				CLANG_ANALYZER_NUMBER_OBJECT_CONVERSION = YES_AGGRESSIVE;
				CLANG_CXX_LANGUAGE_STANDARD = "gnu++14";
				CLANG_CXX_LIBRARY = "libc++";
				CLANG_ENABLE_MODULES = YES;
				CLANG_ENABLE_OBJC_ARC = YES;
				CLANG_ENABLE_OBJC_WEAK = YES;
				CLANG_WARN_BLOCK_CAPTURE_AUTORELEASING = YES;
				CLANG_WARN_BOOL_CONVERSION = YES;
				CLANG_WARN_COMMA = YES;
				CLANG_WARN_CONSTANT_CONVERSION = YES;
				CLANG_WARN_DEPRECATED_OBJC_IMPLEMENTATIONS = YES;
				CLANG_WARN_DIRECT_OBJC_ISA_USAGE = YES_ERROR;
				CLANG_WARN_DOCUMENTATION_COMMENTS = YES;
				CLANG_WARN_EMPTY_BODY = YES;
				CLANG_WARN_ENUM_CONVERSION = YES;
				CLANG_WARN_INFINITE_RECURSION = YES;
				CLANG_WARN_INT_CONVERSION = YES;
				CLANG_WARN_NON_LITERAL_NULL_CONVERSION = YES;
				CLANG_WARN_OBJC_IMPLICIT_RETAIN_SELF = YES;
				CLANG_WARN_OBJC_LITERAL_CONVERSION = YES;
				CLANG_WARN_OBJC_ROOT_CLASS = YES_ERROR;
				CLANG_WARN_RANGE_LOOP_ANALYSIS = YES;
				CLANG_WARN_STRICT_PROTOTYPES = YES;
				CLANG_WARN_SUSPICIOUS_MOVE = YES;
				CLANG_WARN_UNGUARDED_AVAILABILITY = YES_AGGRESSIVE;
				CLANG_WARN_UNREACHABLE_CODE = YES;
				CLANG_WARN__DUPLICATE_METHOD_MATCH = YES;
				CODE_SIGN_IDENTITY = "iPhone Developer";
				COPY_PHASE_STRIP = NO;
				DEBUG_INFORMATION_FORMAT = dwarf;
				ENABLE_STRICT_OBJC_MSGSEND = YES;
				ENABLE_TESTABILITY = YES;
				GCC_C_LANGUAGE_STANDARD = gnu11;
				GCC_DYNAMIC_NO_PIC = NO;
				GCC_NO_COMMON_BLOCKS = YES;
				GCC_OPTIMIZATION_LEVEL = 0;
				GCC_PREPROCESSOR_DEFINITIONS = (
					"DEBUG=1",
					"$(inherited)",
				);
				GCC_WARN_64_TO_32_BIT_CONVERSION = YES;
				GCC_WARN_ABOUT_RETURN_TYPE = YES_ERROR;
				GCC_WARN_UNDECLARED_SELECTOR = YES;
				GCC_WARN_UNINITIALIZED_AUTOS = YES_AGGRESSIVE;
				GCC_WARN_UNUSED_FUNCTION = YES;
				GCC_WARN_UNUSED_VARIABLE = YES;
				IPHONEOS_DEPLOYMENT_TARGET = 12.2;
				MTL_ENABLE_DEBUG_INFO = INCLUDE_SOURCE;
				MTL_FAST_MATH = YES;
				ONLY_ACTIVE_ARCH = YES;
				SDKROOT = iphoneos;
				SWIFT_ACTIVE_COMPILATION_CONDITIONS = DEBUG;
				SWIFT_OPTIMIZATION_LEVEL = "-Onone";
			};
			name = Debug;
		};
		D5864301227B67BC00D6ED22 /* Release */ = {
			isa = XCBuildConfiguration;
			buildSettings = {
				ALWAYS_SEARCH_USER_PATHS = NO;
				CLANG_ANALYZER_NONNULL = YES;
				CLANG_ANALYZER_NUMBER_OBJECT_CONVERSION = YES_AGGRESSIVE;
				CLANG_CXX_LANGUAGE_STANDARD = "gnu++14";
				CLANG_CXX_LIBRARY = "libc++";
				CLANG_ENABLE_MODULES = YES;
				CLANG_ENABLE_OBJC_ARC = YES;
				CLANG_ENABLE_OBJC_WEAK = YES;
				CLANG_WARN_BLOCK_CAPTURE_AUTORELEASING = YES;
				CLANG_WARN_BOOL_CONVERSION = YES;
				CLANG_WARN_COMMA = YES;
				CLANG_WARN_CONSTANT_CONVERSION = YES;
				CLANG_WARN_DEPRECATED_OBJC_IMPLEMENTATIONS = YES;
				CLANG_WARN_DIRECT_OBJC_ISA_USAGE = YES_ERROR;
				CLANG_WARN_DOCUMENTATION_COMMENTS = YES;
				CLANG_WARN_EMPTY_BODY = YES;
				CLANG_WARN_ENUM_CONVERSION = YES;
				CLANG_WARN_INFINITE_RECURSION = YES;
				CLANG_WARN_INT_CONVERSION = YES;
				CLANG_WARN_NON_LITERAL_NULL_CONVERSION = YES;
				CLANG_WARN_OBJC_IMPLICIT_RETAIN_SELF = YES;
				CLANG_WARN_OBJC_LITERAL_CONVERSION = YES;
				CLANG_WARN_OBJC_ROOT_CLASS = YES_ERROR;
				CLANG_WARN_RANGE_LOOP_ANALYSIS = YES;
				CLANG_WARN_STRICT_PROTOTYPES = YES;
				CLANG_WARN_SUSPICIOUS_MOVE = YES;
				CLANG_WARN_UNGUARDED_AVAILABILITY = YES_AGGRESSIVE;
				CLANG_WARN_UNREACHABLE_CODE = YES;
				CLANG_WARN__DUPLICATE_METHOD_MATCH = YES;
				CODE_SIGN_IDENTITY = "iPhone Developer";
				COPY_PHASE_STRIP = NO;
				DEBUG_INFORMATION_FORMAT = "dwarf-with-dsym";
				ENABLE_NS_ASSERTIONS = NO;
				ENABLE_STRICT_OBJC_MSGSEND = YES;
				GCC_C_LANGUAGE_STANDARD = gnu11;
				GCC_NO_COMMON_BLOCKS = YES;
				GCC_WARN_64_TO_32_BIT_CONVERSION = YES;
				GCC_WARN_ABOUT_RETURN_TYPE = YES_ERROR;
				GCC_WARN_UNDECLARED_SELECTOR = YES;
				GCC_WARN_UNINITIALIZED_AUTOS = YES_AGGRESSIVE;
				GCC_WARN_UNUSED_FUNCTION = YES;
				GCC_WARN_UNUSED_VARIABLE = YES;
				IPHONEOS_DEPLOYMENT_TARGET = 12.2;
				MTL_ENABLE_DEBUG_INFO = NO;
				MTL_FAST_MATH = YES;
				SDKROOT = iphoneos;
				SWIFT_COMPILATION_MODE = wholemodule;
				SWIFT_OPTIMIZATION_LEVEL = "-O";
				VALIDATE_PRODUCT = YES;
			};
			name = Release;
		};
		D5864303227B67BC00D6ED22 /* Debug */ = {
			isa = XCBuildConfiguration;
			baseConfigurationReference = 47A9BFC2922364B59A5311C1 /* Pods-SubtitleApp.debug.xcconfig */;
			buildSettings = {
				ASSETCATALOG_COMPILER_APPICON_NAME = AppIcon;
				CODE_SIGN_STYLE = Automatic;
				DEVELOPMENT_TEAM = 7BK8NL3DYL;
				INFOPLIST_FILE = "Sources/Metadata/SubtitleApp/Info-iOS.plist";
				IPHONEOS_DEPLOYMENT_TARGET = 10.0;
				LD_RUNPATH_SEARCH_PATHS = (
					"$(inherited)",
					"@executable_path/Frameworks",
				);
				PRODUCT_BUNDLE_IDENTIFIER = de.developercity.SubtitleApp;
				PRODUCT_NAME = "$(TARGET_NAME)";
				SWIFT_VERSION = 5.0;
				TARGETED_DEVICE_FAMILY = "1,2";
			};
			name = Debug;
		};
		D5864304227B67BC00D6ED22 /* Release */ = {
			isa = XCBuildConfiguration;
			baseConfigurationReference = 95560D83B84B2F61F5458ABA /* Pods-SubtitleApp.release.xcconfig */;
			buildSettings = {
				ASSETCATALOG_COMPILER_APPICON_NAME = AppIcon;
				CODE_SIGN_STYLE = Automatic;
				DEVELOPMENT_TEAM = 7BK8NL3DYL;
				INFOPLIST_FILE = "Sources/Metadata/SubtitleApp/Info-iOS.plist";
				IPHONEOS_DEPLOYMENT_TARGET = 10.0;
				LD_RUNPATH_SEARCH_PATHS = (
					"$(inherited)",
					"@executable_path/Frameworks",
				);
				PRODUCT_BUNDLE_IDENTIFIER = de.developercity.SubtitleApp;
				PRODUCT_NAME = "$(TARGET_NAME)";
				SWIFT_VERSION = 5.0;
				TARGETED_DEVICE_FAMILY = "1,2";
			};
			name = Release;
		};
		D586432A227B6B7900D6ED22 /* Debug */ = {
			isa = XCBuildConfiguration;
			baseConfigurationReference = EB8EB58CB78B6D09C2AE945B /* Pods-SubtitleApp watchOS Extension.debug.xcconfig */;
			buildSettings = {
				ASSETCATALOG_COMPILER_COMPLICATION_NAME = Complication;
				CODE_SIGN_STYLE = Automatic;
				DEVELOPMENT_TEAM = 7BK8NL3DYL;
				INFOPLIST_FILE = "$(SRCROOT)/Sources/Metadata/SubtitleApp/Info-watchOS-Extension.plist";
				LD_RUNPATH_SEARCH_PATHS = (
					"$(inherited)",
					"@executable_path/Frameworks",
					"@executable_path/../../Frameworks",
				);
				PRODUCT_BUNDLE_IDENTIFIER = de.developercity.SubtitleApp.watchkitapp.watchkitextension;
				PRODUCT_NAME = "${TARGET_NAME}";
				SDKROOT = watchos;
				SKIP_INSTALL = YES;
				SWIFT_VERSION = 5.0;
				TARGETED_DEVICE_FAMILY = 4;
				WATCHOS_DEPLOYMENT_TARGET = 5.2;
			};
			name = Debug;
		};
		D586432B227B6B7900D6ED22 /* Release */ = {
			isa = XCBuildConfiguration;
			baseConfigurationReference = C5CCF59710720E9578C4EFEF /* Pods-SubtitleApp watchOS Extension.release.xcconfig */;
			buildSettings = {
				ASSETCATALOG_COMPILER_COMPLICATION_NAME = Complication;
				CODE_SIGN_STYLE = Automatic;
				DEVELOPMENT_TEAM = 7BK8NL3DYL;
				INFOPLIST_FILE = "$(SRCROOT)/Sources/Metadata/SubtitleApp/Info-watchOS-Extension.plist";
				LD_RUNPATH_SEARCH_PATHS = (
					"$(inherited)",
					"@executable_path/Frameworks",
					"@executable_path/../../Frameworks",
				);
				PRODUCT_BUNDLE_IDENTIFIER = de.developercity.SubtitleApp.watchkitapp.watchkitextension;
				PRODUCT_NAME = "${TARGET_NAME}";
				SDKROOT = watchos;
				SKIP_INSTALL = YES;
				SWIFT_VERSION = 5.0;
				TARGETED_DEVICE_FAMILY = 4;
				WATCHOS_DEPLOYMENT_TARGET = 5.2;
			};
			name = Release;
		};
		D586432E227B6B7900D6ED22 /* Debug */ = {
			isa = XCBuildConfiguration;
			buildSettings = {
				ALWAYS_EMBED_SWIFT_STANDARD_LIBRARIES = YES;
				ASSETCATALOG_COMPILER_APPICON_NAME = AppIcon;
				CODE_SIGN_STYLE = Automatic;
				DEVELOPMENT_TEAM = 7BK8NL3DYL;
				IBSC_MODULE = SubtitleApp_watchOS_Extension;
				INFOPLIST_FILE = "$(SRCROOT)/Sources/Metadata/SubtitleApp/Info-watchOS.plist";
				PRODUCT_BUNDLE_IDENTIFIER = de.developercity.SubtitleApp.watchkitapp;
				PRODUCT_NAME = "$(TARGET_NAME)";
				SDKROOT = watchos;
				SKIP_INSTALL = YES;
				SWIFT_VERSION = 5.0;
				TARGETED_DEVICE_FAMILY = 4;
				WATCHOS_DEPLOYMENT_TARGET = 5.2;
			};
			name = Debug;
		};
		D586432F227B6B7900D6ED22 /* Release */ = {
			isa = XCBuildConfiguration;
			buildSettings = {
				ALWAYS_EMBED_SWIFT_STANDARD_LIBRARIES = YES;
				ASSETCATALOG_COMPILER_APPICON_NAME = AppIcon;
				CODE_SIGN_STYLE = Automatic;
				DEVELOPMENT_TEAM = 7BK8NL3DYL;
				IBSC_MODULE = SubtitleApp_watchOS_Extension;
				INFOPLIST_FILE = "$(SRCROOT)/Sources/Metadata/SubtitleApp/Info-watchOS.plist";
				PRODUCT_BUNDLE_IDENTIFIER = de.developercity.SubtitleApp.watchkitapp;
				PRODUCT_NAME = "$(TARGET_NAME)";
				SDKROOT = watchos;
				SKIP_INSTALL = YES;
				SWIFT_VERSION = 5.0;
				TARGETED_DEVICE_FAMILY = 4;
				WATCHOS_DEPLOYMENT_TARGET = 5.2;
			};
			name = Release;
		};
		D5864345227B6E2200D6ED22 /* Debug */ = {
			isa = XCBuildConfiguration;
			baseConfigurationReference = 163FC1389A891CF4D9C5738A /* Pods-SubtitleApp TV.debug.xcconfig */;
			buildSettings = {
				ASSETCATALOG_COMPILER_APPICON_NAME = "App Icon & Top Shelf Image";
				ASSETCATALOG_COMPILER_LAUNCHIMAGE_NAME = LaunchImage;
				CODE_SIGN_STYLE = Automatic;
				DEVELOPMENT_TEAM = 7BK8NL3DYL;
				INFOPLIST_FILE = "$(SRCROOT)/Sources/Metadata/SubtitleApp/Info-tvOS.plist";
				LD_RUNPATH_SEARCH_PATHS = (
					"$(inherited)",
					"@executable_path/Frameworks",
				);
				PRODUCT_BUNDLE_IDENTIFIER = "de.developercity.SubtitleApp-TV";
				PRODUCT_NAME = "$(TARGET_NAME)";
				SDKROOT = appletvos;
				SWIFT_VERSION = 5.0;
				TARGETED_DEVICE_FAMILY = 3;
				TVOS_DEPLOYMENT_TARGET = 10.0;
			};
			name = Debug;
		};
		D5864346227B6E2200D6ED22 /* Release */ = {
			isa = XCBuildConfiguration;
			baseConfigurationReference = 1A4F1A084F4FE0D0681074B8 /* Pods-SubtitleApp TV.release.xcconfig */;
			buildSettings = {
				ASSETCATALOG_COMPILER_APPICON_NAME = "App Icon & Top Shelf Image";
				ASSETCATALOG_COMPILER_LAUNCHIMAGE_NAME = LaunchImage;
				CODE_SIGN_STYLE = Automatic;
				DEVELOPMENT_TEAM = 7BK8NL3DYL;
				INFOPLIST_FILE = "$(SRCROOT)/Sources/Metadata/SubtitleApp/Info-tvOS.plist";
				LD_RUNPATH_SEARCH_PATHS = (
					"$(inherited)",
					"@executable_path/Frameworks",
				);
				PRODUCT_BUNDLE_IDENTIFIER = "de.developercity.SubtitleApp-TV";
				PRODUCT_NAME = "$(TARGET_NAME)";
				SDKROOT = appletvos;
				SWIFT_VERSION = 5.0;
				TARGETED_DEVICE_FAMILY = 3;
				TVOS_DEPLOYMENT_TARGET = 10.0;
			};
			name = Release;
		};
		D586435B227B702400D6ED22 /* Debug */ = {
			isa = XCBuildConfiguration;
			baseConfigurationReference = F9C958E02753498BCA096B55 /* Pods-SubtitleApp Desktop.debug.xcconfig */;
			buildSettings = {
				ASSETCATALOG_COMPILER_APPICON_NAME = AppIcon;
				CODE_SIGN_ENTITLEMENTS = Sources/Metadata/SubtitleApp/SubtitleApp_Desktop.entitlements;
				CODE_SIGN_IDENTITY = "Mac Developer";
				CODE_SIGN_STYLE = Automatic;
				COMBINE_HIDPI_IMAGES = YES;
				DEVELOPMENT_TEAM = 7BK8NL3DYL;
				INFOPLIST_FILE = "$(SRCROOT)/Sources/Metadata/SubtitleApp/Info-macOS.plist";
				LD_RUNPATH_SEARCH_PATHS = (
					"$(inherited)",
					"@executable_path/../Frameworks",
				);
				MACOSX_DEPLOYMENT_TARGET = 10.10;
				PRODUCT_BUNDLE_IDENTIFIER = "de.developercity.SubtitleApp-Desktop";
				PRODUCT_NAME = "$(TARGET_NAME)";
				SDKROOT = macosx;
				SWIFT_VERSION = 5.0;
			};
			name = Debug;
		};
		D586435C227B702400D6ED22 /* Release */ = {
			isa = XCBuildConfiguration;
			baseConfigurationReference = C22841EAAF56D7011B75B81F /* Pods-SubtitleApp Desktop.release.xcconfig */;
			buildSettings = {
				ASSETCATALOG_COMPILER_APPICON_NAME = AppIcon;
				CODE_SIGN_ENTITLEMENTS = Sources/Metadata/SubtitleApp/SubtitleApp_Desktop.entitlements;
				CODE_SIGN_IDENTITY = "Mac Developer";
				CODE_SIGN_STYLE = Automatic;
				COMBINE_HIDPI_IMAGES = YES;
				DEVELOPMENT_TEAM = 7BK8NL3DYL;
				INFOPLIST_FILE = "$(SRCROOT)/Sources/Metadata/SubtitleApp/Info-macOS.plist";
				LD_RUNPATH_SEARCH_PATHS = (
					"$(inherited)",
					"@executable_path/../Frameworks",
				);
				MACOSX_DEPLOYMENT_TARGET = 10.10;
				PRODUCT_BUNDLE_IDENTIFIER = "de.developercity.SubtitleApp-Desktop";
				PRODUCT_NAME = "$(TARGET_NAME)";
				SDKROOT = macosx;
				SWIFT_VERSION = 5.0;
			};
			name = Release;
		};
/* End XCBuildConfiguration section */

/* Begin XCConfigurationList section */
		D58642EB227B67BA00D6ED22 /* Build configuration list for PBXProject "SubtitleApp" */ = {
			isa = XCConfigurationList;
			buildConfigurations = (
				D5864300227B67BC00D6ED22 /* Debug */,
				D5864301227B67BC00D6ED22 /* Release */,
			);
			defaultConfigurationIsVisible = 0;
			defaultConfigurationName = Release;
		};
		D5864302227B67BC00D6ED22 /* Build configuration list for PBXNativeTarget "SubtitleApp" */ = {
			isa = XCConfigurationList;
			buildConfigurations = (
				D5864303227B67BC00D6ED22 /* Debug */,
				D5864304227B67BC00D6ED22 /* Release */,
			);
			defaultConfigurationIsVisible = 0;
			defaultConfigurationName = Release;
		};
		D5864329227B6B7900D6ED22 /* Build configuration list for PBXNativeTarget "SubtitleApp watchOS Extension" */ = {
			isa = XCConfigurationList;
			buildConfigurations = (
				D586432A227B6B7900D6ED22 /* Debug */,
				D586432B227B6B7900D6ED22 /* Release */,
			);
			defaultConfigurationIsVisible = 0;
			defaultConfigurationName = Release;
		};
		D586432D227B6B7900D6ED22 /* Build configuration list for PBXNativeTarget "SubtitleApp watchOS" */ = {
			isa = XCConfigurationList;
			buildConfigurations = (
				D586432E227B6B7900D6ED22 /* Debug */,
				D586432F227B6B7900D6ED22 /* Release */,
			);
			defaultConfigurationIsVisible = 0;
			defaultConfigurationName = Release;
		};
		D5864344227B6E2200D6ED22 /* Build configuration list for PBXNativeTarget "SubtitleApp TV" */ = {
			isa = XCConfigurationList;
			buildConfigurations = (
				D5864345227B6E2200D6ED22 /* Debug */,
				D5864346227B6E2200D6ED22 /* Release */,
			);
			defaultConfigurationIsVisible = 0;
			defaultConfigurationName = Release;
		};
		D586435A227B702400D6ED22 /* Build configuration list for PBXNativeTarget "SubtitleApp Desktop" */ = {
			isa = XCConfigurationList;
			buildConfigurations = (
				D586435B227B702400D6ED22 /* Debug */,
				D586435C227B702400D6ED22 /* Release */,
			);
			defaultConfigurationIsVisible = 0;
			defaultConfigurationName = Release;
		};
/* End XCConfigurationList section */
	};
	rootObject = D58642E8227B67BA00D6ED22 /* Project object */;
}
